{
  "name": "Chatbot_Mbti_Test2",
  "lockfileVersion": 3,
  "requires": true,
  "packages": {
    "": {
      "dependencies": {
        "@types/kakao-js-sdk": "^1.39.1"
      }
    },
    "node_modules/@types/kakao-js-sdk": {
      "version": "1.39.1",
      "resolved": "https://registry.npmjs.org/@types/kakao-js-sdk/-/kakao-js-sdk-1.39.1.tgz",
      "integrity": "sha512-kB0nXS97K7zFgIhLi7oDi1zeR7WV6zRNvRwtJ3KxICz8VWcuqnFYwMq1eBzyhOIJsBTCFRhB4tR1IPHKp7qcKw=="
    }
  }
}
